
Microsoft Visual Studio Solution File, Format Version 12.00
# Visual Studio Version 17
VisualStudioVersion = 17.6.33829.357
MinimumVisualStudioVersion = 10.0.40219.1
Project("{FAE04EC0-301F-11D3-BF4B-00C04F79EFBC}") = "ProFlow.Core.WebAPI", "ProFlow.Core.WebAPI\ProFlow.Core.WebAPI.csproj", "{D1A06825-70EA-48F9-9429-0E3AA24071B0}"
EndProject
Global
	GlobalSection(SolutionConfigurationPlatforms) = preSolution
		Debug|Any CPU = Debug|Any CPU
		Release|Any CPU = Release|Any CPU
	EndGlobalSection
	GlobalSection(ProjectConfigurationPlatforms) = postSolution
		{D1A06825-70EA-48F9-9429-0E3AA24071B0}.Debug|Any CPU.ActiveCfg = Debug|Any CPU
		{D1A06825-70EA-48F9-9429-0E3AA24071B0}.Debug|Any CPU.Build.0 = Debug|Any CPU
		{D1A06825-70EA-48F9-9429-0E3AA24071B0}.Release|Any CPU.ActiveCfg = Release|Any CPU
		{D1A06825-70EA-48F9-9429-0E3AA24071B0}.Release|Any CPU.Build.0 = Release|Any CPU
	EndGlobalSection
	GlobalSection(SolutionProperties) = preSolution
		HideSolutionNode = FALSE
	EndGlobalSection
	GlobalSection(ExtensibilityGlobals) = postSolution
		SolutionGuid = {F73EEFD5-1D5D-4BCE-BF3C-D67F24CEC5D7}
	EndGlobalSection
EndGlobal
